<?xml version="1.0" encoding="utf-8"?>
<Project ToolsVersion="4.0" xmlns="http://schemas.microsoft.com/developer/msbuild/2003">
  <ItemGroup>
    <ClCompile Include="..\ArducomMaster.cpp">
      <Filter>Quelldateien</Filter>
    </ClCompile>
    <ClCompile Include="..\ArducomMasterSerialWin.cpp">
      <Filter>Quelldateien</Filter>
    </ClCompile>
    <ClCompile Include="..\ArducomMasterTCPIP.cpp">
      <Filter>Quelldateien</Filter>
    </ClCompile>
    <ClCompile Include="..\arducom-ftp.cpp">
      <Filter>Quelldateien</Filter>
    </ClCompile>
  </ItemGroup>
  <ItemGroup>
    <ClInclude Include="..\ArducomMaster.h">
      <Filter>Headerdateien</Filter>
    </ClInclude>
    <ClInclude Include="..\ArducomMasterSerial.h">
      <Filter>Headerdateien</Filter>
    </ClInclude>
    <ClInclude Include="..\ArducomMasterTCPIP.h">
      <Filter>Headerdateien</Filter>
    </ClInclude>
  </ItemGroup>
  <ItemGroup>
    <Text Include="ReadMe.txt" />
  </ItemGroup>
  <ItemGroup>
    <Filter Include="Headerdateien">
      <UniqueIdentifier>{1543a63c-817c-41f6-a30e-599dc328144f}</UniqueIdentifier>
    </Filter>
    <Filter Include="Quelldateien">
      <UniqueIdentifier>{be664420-9e43-47f7-ae28-263862e9db56}</UniqueIdentifier>
    </Filter>
  </ItemGroup>
</Project>